{
  "pins" : [
    {
      "identity" : "millicast-sdk-swift-package",
      "kind" : "remoteSourceControl",
      "location" : "https://github.com/millicast/millicast-sdk-swift-package",
      "state" : {
        "revision" : "001f8654ba31461ecf805ae8a15e4d92efa8064e",
        "version" : "1.7.0"
      }
    }
  ],
  "version" : 2
}
