{
  "pins" : [
    {
      "identity" : "millicast-sdk-swift-package",
      "kind" : "remoteSourceControl",
      "location" : "https://github.com/millicast/millicast-sdk-swift-package",
      "state" : {
        "revision" : "602cf296510c481b431002ed8cdb745ad0220459",
        "version" : "1.7.0-beta.1"
      }
    }
  ],
  "version" : 2
}
